// !$*UTF8*$!
{
	archiveVersion = 1;
	classes = {
	};
	objectVersion = 48;
	objects = {

/* Begin PBXBuildFile section */
		C90E51E7202FC50C008E8613 /* AppDelegate.swift in Sources */ = {isa = PBXBuildFile; fileRef = C90E51E6202FC50C008E8613 /* AppDelegate.swift */; };
		C90E51E9202FC50C008E8613 /* ViewController.swift in Sources */ = {isa = PBXBuildFile; fileRef = C90E51E8202FC50C008E8613 /* ViewController.swift */; };
		C90E51EC202FC50C008E8613 /* Main.storyboard in Resources */ = {isa = PBXBuildFile; fileRef = C90E51EA202FC50C008E8613 /* Main.storyboard */; };
		C90E51EE202FC50C008E8613 /* Assets.xcassets in Resources */ = {isa = PBXBuildFile; fileRef = C90E51ED202FC50C008E8613 /* Assets.xcassets */; };
		C90E51F1202FC50C008E8613 /* LaunchScreen.storyboard in Resources */ = {isa = PBXBuildFile; fileRef = C90E51EF202FC50C008E8613 /* LaunchScreen.storyboard */; };
		C90E51FC202FC50C008E8613 /* SpaceCaseTests.swift in Sources */ = {isa = PBXBuildFile; fileRef = C90E51FB202FC50C008E8613 /* SpaceCaseTests.swift */; };
		C90E520B202FD023008E8613 /* Alamofire.framework in Frameworks */ = {isa = PBXBuildFile; fileRef = C90E520A202FD023008E8613 /* Alamofire.framework */; };
/* End PBXBuildFile section */

/* Begin PBXContainerItemProxy section */
		C90E51F8202FC50C008E8613 /* PBXContainerItemProxy */ = {
			isa = PBXContainerItemProxy;
			containerPortal = C90E51DB202FC50C008E8613 /* Project object */;
			proxyType = 1;
			remoteGlobalIDString = C90E51E2202FC50C008E8613;
			remoteInfo = SpaceCase;
		};
/* End PBXContainerItemProxy section */

/* Begin PBXFileReference section */
		C90E51E3202FC50C008E8613 /* SpaceCase.app */ = {isa = PBXFileReference; explicitFileType = wrapper.application; includeInIndex = 0; path = SpaceCase.app; sourceTree = BUILT_PRODUCTS_DIR; };
		C90E51E6202FC50C008E8613 /* AppDelegate.swift */ = {isa = PBXFileReference; lastKnownFileType = sourcecode.swift; path = AppDelegate.swift; sourceTree = "<group>"; };
		C90E51E8202FC50C008E8613 /* ViewController.swift */ = {isa = PBXFileReference; lastKnownFileType = sourcecode.swift; path = ViewController.swift; sourceTree = "<group>"; };
		C90E51EB202FC50C008E8613 /* Base */ = {isa = PBXFileReference; lastKnownFileType = file.storyboard; name = Base; path = Base.lproj/Main.storyboard; sourceTree = "<group>"; };
		C90E51ED202FC50C008E8613 /* Assets.xcassets */ = {isa = PBXFileReference; lastKnownFileType = folder.assetcatalog; path = Assets.xcassets; sourceTree = "<group>"; };
		C90E51F0202FC50C008E8613 /* Base */ = {isa = PBXFileReference; lastKnownFileType = file.storyboard; name = Base; path = Base.lproj/LaunchScreen.storyboard; sourceTree = "<group>"; };
		C90E51F2202FC50C008E8613 /* Info.plist */ = {isa = PBXFileReference; lastKnownFileType = text.plist.xml; path = Info.plist; sourceTree = "<group>"; };
		C90E51F7202FC50C008E8613 /* SpaceCaseTests.xctest */ = {isa = PBXFileReference; explicitFileType = wrapper.cfbundle; includeInIndex = 0; path = SpaceCaseTests.xctest; sourceTree = BUILT_PRODUCTS_DIR; };
		C90E51FB202FC50C008E8613 /* SpaceCaseTests.swift */ = {isa = PBXFileReference; lastKnownFileType = sourcecode.swift; path = SpaceCaseTests.swift; sourceTree = "<group>"; };
		C90E51FD202FC50C008E8613 /* Info.plist */ = {isa = PBXFileReference; lastKnownFileType = text.plist.xml; path = Info.plist; sourceTree = "<group>"; };
		C90E520A202FD023008E8613 /* Alamofire.framework */ = {isa = PBXFileReference; lastKnownFileType = wrapper.framework; name = Alamofire.framework; path = Carthage/Build/iOS/Alamofire.framework; sourceTree = SOURCE_ROOT; };
/* End PBXFileReference section */

/* Begin PBXFrameworksBuildPhase section */
		C90E51E0202FC50C008E8613 /* Frameworks */ = {
			isa = PBXFrameworksBuildPhase;
			buildActionMask = 2147483647;
			files = (
				C90E520B202FD023008E8613 /* Alamofire.framework in Frameworks */,
			);
			runOnlyForDeploymentPostprocessing = 0;
		};
		C90E51F4202FC50C008E8613 /* Frameworks */ = {
			isa = PBXFrameworksBuildPhase;
			buildActionMask = 2147483647;
			files = (
			);
			runOnlyForDeploymentPostprocessing = 0;
		};
/* End PBXFrameworksBuildPhase section */

/* Begin PBXGroup section */
		C90E51DA202FC50C008E8613 = {
			isa = PBXGroup;
			children = (
				C90E51E5202FC50C008E8613 /* SpaceCase */,
				C90E51FA202FC50C008E8613 /* SpaceCaseTests */,
				C90E51E4202FC50C008E8613 /* Products */,
				C90E5207202FC5F9008E8613 /* Frameworks */,
			);
			sourceTree = "<group>";
		};
		C90E51E4202FC50C008E8613 /* Products */ = {
			isa = PBXGroup;
			children = (
				C90E51E3202FC50C008E8613 /* SpaceCase.app */,
				C90E51F7202FC50C008E8613 /* SpaceCaseTests.xctest */,
			);
			name = Products;
			sourceTree = "<group>";
		};
		C90E51E5202FC50C008E8613 /* SpaceCase */ = {
			isa = PBXGroup;
			children = (
				C90E51E6202FC50C008E8613 /* AppDelegate.swift */,
				C90E51ED202FC50C008E8613 /* Assets.xcassets */,
				C90E51F2202FC50C008E8613 /* Info.plist */,
				C91E96F72030BE4600DE0D10 /* Storyboards */,
				C91E96F62030BE1A00DE0D10 /* Utilities */,
				C91E96F52030BDE100DE0D10 /* ViewControllers */,
				C91E96F22030BDC500DE0D10 /* Models */,
				C91E96F12030BDB600DE0D10 /* Networking */,
			);
			path = SpaceCase;
			sourceTree = "<group>";
		};
		C90E51FA202FC50C008E8613 /* SpaceCaseTests */ = {
			isa = PBXGroup;
			children = (
				C90E51FB202FC50C008E8613 /* SpaceCaseTests.swift */,
				C90E51FD202FC50C008E8613 /* Info.plist */,
			);
			path = SpaceCaseTests;
			sourceTree = "<group>";
		};
		C90E5207202FC5F9008E8613 /* Frameworks */ = {
			isa = PBXGroup;
			children = (
				C90E520A202FD023008E8613 /* Alamofire.framework */,
			);
			path = Frameworks;
			sourceTree = "<group>";
		};
		C91E96F12030BDB600DE0D10 /* Networking */ = {
			isa = PBXGroup;
			children = (
				C91E96F42030BDD500DE0D10 /* Requests */,
				C91E96F32030BDCF00DE0D10 /* Services */,
			);
			path = Networking;
			sourceTree = "<group>";
		};
		C91E96F22030BDC500DE0D10 /* Models */ = {
			isa = PBXGroup;
			children = (
			);
			path = Models;
			sourceTree = "<group>";
		};
		C91E96F32030BDCF00DE0D10 /* Services */ = {
			isa = PBXGroup;
			children = (
			);
			path = Services;
			sourceTree = "<group>";
		};
		C91E96F42030BDD500DE0D10 /* Requests */ = {
			isa = PBXGroup;
			children = (
			);
			path = Requests;
			sourceTree = "<group>";
		};
		C91E96F52030BDE100DE0D10 /* ViewControllers */ = {
			isa = PBXGroup;
			children = (
				C90E51E8202FC50C008E8613 /* ViewController.swift */,
			);
			path = ViewControllers;
			sourceTree = "<group>";
		};
		C91E96F62030BE1A00DE0D10 /* Utilities */ = {
			isa = PBXGroup;
			children = (
			);
			path = Utilities;
			sourceTree = "<group>";
		};
		C91E96F72030BE4600DE0D10 /* Storyboards */ = {
			isa = PBXGroup;
			children = (
				C90E51EA202FC50C008E8613 /* Main.storyboard */,
				C90E51EF202FC50C008E8613 /* LaunchScreen.storyboard */,
			);
			path = Storyboards;
			sourceTree = "<group>";
		};
/* End PBXGroup section */

/* Begin PBXNativeTarget section */
		C90E51E2202FC50C008E8613 /* SpaceCase */ = {
			isa = PBXNativeTarget;
			buildConfigurationList = C90E5200202FC50C008E8613 /* Build configuration list for PBXNativeTarget "SpaceCase" */;
			buildPhases = (
				C90E51DF202FC50C008E8613 /* Sources */,
				C90E51E0202FC50C008E8613 /* Frameworks */,
				C90E51E1202FC50C008E8613 /* Resources */,
				C90E5206202FC5DD008E8613 /* ShellScript */,
			);
			buildRules = (
			);
			dependencies = (
			);
			name = SpaceCase;
			productName = SpaceCase;
			productReference = C90E51E3202FC50C008E8613 /* SpaceCase.app */;
			productType = "com.apple.product-type.application";
		};
		C90E51F6202FC50C008E8613 /* SpaceCaseTests */ = {
			isa = PBXNativeTarget;
			buildConfigurationList = C90E5203202FC50C008E8613 /* Build configuration list for PBXNativeTarget "SpaceCaseTests" */;
			buildPhases = (
				C90E51F3202FC50C008E8613 /* Sources */,
				C90E51F4202FC50C008E8613 /* Frameworks */,
				C90E51F5202FC50C008E8613 /* Resources */,
			);
			buildRules = (
			);
			dependencies = (
				C90E51F9202FC50C008E8613 /* PBXTargetDependency */,
			);
			name = SpaceCaseTests;
			productName = SpaceCaseTests;
			productReference = C90E51F7202FC50C008E8613 /* SpaceCaseTests.xctest */;
			productType = "com.apple.product-type.bundle.unit-test";
		};
/* End PBXNativeTarget section */

/* Begin PBXProject section */
		C90E51DB202FC50C008E8613 /* Project object */ = {
			isa = PBXProject;
			attributes = {
				LastSwiftUpdateCheck = 0920;
				LastUpgradeCheck = 0920;
				ORGANIZATIONNAME = Casey;
				TargetAttributes = {
					C90E51E2202FC50C008E8613 = {
						CreatedOnToolsVersion = 9.2;
						ProvisioningStyle = Automatic;
					};
					C90E51F6202FC50C008E8613 = {
						CreatedOnToolsVersion = 9.2;
						ProvisioningStyle = Automatic;
						TestTargetID = C90E51E2202FC50C008E8613;
					};
				};
			};
			buildConfigurationList = C90E51DE202FC50C008E8613 /* Build configuration list for PBXProject "SpaceCase" */;
			compatibilityVersion = "Xcode 8.0";
			developmentRegion = en;
			hasScannedForEncodings = 0;
			knownRegions = (
				en,
				Base,
			);
			mainGroup = C90E51DA202FC50C008E8613;
			productRefGroup = C90E51E4202FC50C008E8613 /* Products */;
			projectDirPath = "";
			projectRoot = "";
			targets = (
				C90E51E2202FC50C008E8613 /* SpaceCase */,
				C90E51F6202FC50C008E8613 /* SpaceCaseTests */,
			);
		};
/* End PBXProject section */

/* Begin PBXResourcesBuildPhase section */
		C90E51E1202FC50C008E8613 /* Resources */ = {
			isa = PBXResourcesBuildPhase;
			buildActionMask = 2147483647;
			files = (
				C90E51F1202FC50C008E8613 /* LaunchScreen.storyboard in Resources */,
				C90E51EE202FC50C008E8613 /* Assets.xcassets in Resources */,
				C90E51EC202FC50C008E8613 /* Main.storyboard in Resources */,
			);
			runOnlyForDeploymentPostprocessing = 0;
		};
		C90E51F5202FC50C008E8613 /* Resources */ = {
			isa = PBXResourcesBuildPhase;
			buildActionMask = 2147483647;
			files = (
			);
			runOnlyForDeploymentPostprocessing = 0;
		};
/* End PBXResourcesBuildPhase section */

/* Begin PBXShellScriptBuildPhase section */
		C90E5206202FC5DD008E8613 /* ShellScript */ = {
			isa = PBXShellScriptBuildPhase;
			buildActionMask = 2147483647;
			files = (
			);
			inputPaths = (
				"$(SRCROOT)/Carthage/Build/iOS/Alamofire.framework",
			);
			outputPaths = (
			);
			runOnlyForDeploymentPostprocessing = 0;
			shellPath = /bin/sh;
			shellScript = "/usr/local/bin/carthage copy-frameworks";
		};
/* End PBXShellScriptBuildPhase section */

/* Begin PBXSourcesBuildPhase section */
		C90E51DF202FC50C008E8613 /* Sources */ = {
			isa = PBXSourcesBuildPhase;
			buildActionMask = 2147483647;
			files = (
				C90E51E9202FC50C008E8613 /* ViewController.swift in Sources */,
				C90E51E7202FC50C008E8613 /* AppDelegate.swift in Sources */,
			);
			runOnlyForDeploymentPostprocessing = 0;
		};
		C90E51F3202FC50C008E8613 /* Sources */ = {
			isa = PBXSourcesBuildPhase;
			buildActionMask = 2147483647;
			files = (
				C90E51FC202FC50C008E8613 /* SpaceCaseTests.swift in Sources */,
			);
			runOnlyForDeploymentPostprocessing = 0;
		};
/* End PBXSourcesBuildPhase section */

/* Begin PBXTargetDependency section */
		C90E51F9202FC50C008E8613 /* PBXTargetDependency */ = {
			isa = PBXTargetDependency;
			target = C90E51E2202FC50C008E8613 /* SpaceCase */;
			targetProxy = C90E51F8202FC50C008E8613 /* PBXContainerItemProxy */;
		};
/* End PBXTargetDependency section */

/* Begin PBXVariantGroup section */
		C90E51EA202FC50C008E8613 /* Main.storyboard */ = {
			isa = PBXVariantGroup;
			children = (
				C90E51EB202FC50C008E8613 /* Base */,
			);
			name = Main.storyboard;
			sourceTree = "<group>";
		};
		C90E51EF202FC50C008E8613 /* LaunchScreen.storyboard */ = {
			isa = PBXVariantGroup;
			children = (
				C90E51F0202FC50C008E8613 /* Base */,
			);
			name = LaunchScreen.storyboard;
			sourceTree = "<group>";
		};
/* End PBXVariantGroup section */

/* Begin XCBuildConfiguration section */
		C90E51FE202FC50C008E8613 /* Debug */ = {
			isa = XCBuildConfiguration;
			buildSettings = {
				ALWAYS_SEARCH_USER_PATHS = NO;
				CLANG_ANALYZER_NONNULL = YES;
				CLANG_ANALYZER_NUMBER_OBJECT_CONVERSION = YES_AGGRESSIVE;
				CLANG_CXX_LANGUAGE_STANDARD = "gnu++14";
				CLANG_CXX_LIBRARY = "libc++";
				CLANG_ENABLE_MODULES = YES;
				CLANG_ENABLE_OBJC_ARC = YES;
				CLANG_WARN_BLOCK_CAPTURE_AUTORELEASING = YES;
				CLANG_WARN_BOOL_CONVERSION = YES;
				CLANG_WARN_COMMA = YES;
				CLANG_WARN_CONSTANT_CONVERSION = YES;
				CLANG_WARN_DIRECT_OBJC_ISA_USAGE = YES_ERROR;
				CLANG_WARN_DOCUMENTATION_COMMENTS = YES;
				CLANG_WARN_EMPTY_BODY = YES;
				CLANG_WARN_ENUM_CONVERSION = YES;
				CLANG_WARN_INFINITE_RECURSION = YES;
				CLANG_WARN_INT_CONVERSION = YES;
				CLANG_WARN_NON_LITERAL_NULL_CONVERSION = YES;
				CLANG_WARN_OBJC_LITERAL_CONVERSION = YES;
				CLANG_WARN_OBJC_ROOT_CLASS = YES_ERROR;
				CLANG_WARN_RANGE_LOOP_ANALYSIS = YES;
				CLANG_WARN_STRICT_PROTOTYPES = YES;
				CLANG_WARN_SUSPICIOUS_MOVE = YES;
				CLANG_WARN_UNGUARDED_AVAILABILITY = YES_AGGRESSIVE;
				CLANG_WARN_UNREACHABLE_CODE = YES;
				CLANG_WARN__DUPLICATE_METHOD_MATCH = YES;
				CODE_SIGN_IDENTITY = "iPhone Developer";
				COPY_PHASE_STRIP = NO;
				DEBUG_INFORMATION_FORMAT = dwarf;
				ENABLE_STRICT_OBJC_MSGSEND = YES;
				ENABLE_TESTABILITY = YES;
				GCC_C_LANGUAGE_STANDARD = gnu11;
				GCC_DYNAMIC_NO_PIC = NO;
				GCC_NO_COMMON_BLOCKS = YES;
				GCC_OPTIMIZATION_LEVEL = 0;
				GCC_PREPROCESSOR_DEFINITIONS = (
					"DEBUG=1",
					"$(inherited)",
				);
				GCC_WARN_64_TO_32_BIT_CONVERSION = YES;
				GCC_WARN_ABOUT_RETURN_TYPE = YES_ERROR;
				GCC_WARN_UNDECLARED_SELECTOR = YES;
				GCC_WARN_UNINITIALIZED_AUTOS = YES_AGGRESSIVE;
				GCC_WARN_UNUSED_FUNCTION = YES;
				GCC_WARN_UNUSED_VARIABLE = YES;
				IPHONEOS_DEPLOYMENT_TARGET = 11.2;
				MTL_ENABLE_DEBUG_INFO = YES;
				ONLY_ACTIVE_ARCH = YES;
				SDKROOT = iphoneos;
				SWIFT_ACTIVE_COMPILATION_CONDITIONS = DEBUG;
				SWIFT_OPTIMIZATION_LEVEL = "-Onone";
			};
			name = Debug;
		};
		C90E51FF202FC50C008E8613 /* Release */ = {
			isa = XCBuildConfiguration;
			buildSettings = {
				ALWAYS_SEARCH_USER_PATHS = NO;
				CLANG_ANALYZER_NONNULL = YES;
				CLANG_ANALYZER_NUMBER_OBJECT_CONVERSION = YES_AGGRESSIVE;
				CLANG_CXX_LANGUAGE_STANDARD = "gnu++14";
				CLANG_CXX_LIBRARY = "libc++";
				CLANG_ENABLE_MODULES = YES;
				CLANG_ENABLE_OBJC_ARC = YES;
				CLANG_WARN_BLOCK_CAPTURE_AUTORELEASING = YES;
				CLANG_WARN_BOOL_CONVERSION = YES;
				CLANG_WARN_COMMA = YES;
				CLANG_WARN_CONSTANT_CONVERSION = YES;
				CLANG_WARN_DIRECT_OBJC_ISA_USAGE = YES_ERROR;
				CLANG_WARN_DOCUMENTATION_COMMENTS = YES;
				CLANG_WARN_EMPTY_BODY = YES;
				CLANG_WARN_ENUM_CONVERSION = YES;
				CLANG_WARN_INFINITE_RECURSION = YES;
				CLANG_WARN_INT_CONVERSION = YES;
				CLANG_WARN_NON_LITERAL_NULL_CONVERSION = YES;
				CLANG_WARN_OBJC_LITERAL_CONVERSION = YES;
				CLANG_WARN_OBJC_ROOT_CLASS = YES_ERROR;
				CLANG_WARN_RANGE_LOOP_ANALYSIS = YES;
				CLANG_WARN_STRICT_PROTOTYPES = YES;
				CLANG_WARN_SUSPICIOUS_MOVE = YES;
				CLANG_WARN_UNGUARDED_AVAILABILITY = YES_AGGRESSIVE;
				CLANG_WARN_UNREACHABLE_CODE = YES;
				CLANG_WARN__DUPLICATE_METHOD_MATCH = YES;
				CODE_SIGN_IDENTITY = "iPhone Developer";
				COPY_PHASE_STRIP = NO;
				DEBUG_INFORMATION_FORMAT = "dwarf-with-dsym";
				ENABLE_NS_ASSERTIONS = NO;
				ENABLE_STRICT_OBJC_MSGSEND = YES;
				GCC_C_LANGUAGE_STANDARD = gnu11;
				GCC_NO_COMMON_BLOCKS = YES;
				GCC_WARN_64_TO_32_BIT_CONVERSION = YES;
				GCC_WARN_ABOUT_RETURN_TYPE = YES_ERROR;
				GCC_WARN_UNDECLARED_SELECTOR = YES;
				GCC_WARN_UNINITIALIZED_AUTOS = YES_AGGRESSIVE;
				GCC_WARN_UNUSED_FUNCTION = YES;
				GCC_WARN_UNUSED_VARIABLE = YES;
				IPHONEOS_DEPLOYMENT_TARGET = 11.2;
				MTL_ENABLE_DEBUG_INFO = NO;
				SDKROOT = iphoneos;
				SWIFT_OPTIMIZATION_LEVEL = "-Owholemodule";
				VALIDATE_PRODUCT = YES;
			};
			name = Release;
		};
		C90E5201202FC50C008E8613 /* Debug */ = {
			isa = XCBuildConfiguration;
			buildSettings = {
				ASSETCATALOG_COMPILER_APPICON_NAME = AppIcon;
				CODE_SIGN_STYLE = Automatic;
				DEVELOPMENT_TEAM = 6C7VKJUF27;
				FRAMEWORK_SEARCH_PATHS = (
					"$(inherited)",
					"$(PROJECT_DIR)/Carthage/Build/iOS",
				);
				INFOPLIST_FILE = SpaceCase/Info.plist;
				LD_RUNPATH_SEARCH_PATHS = "$(inherited) @executable_path/Frameworks";
				PRODUCT_BUNDLE_IDENTIFIER = org.casey.SpaceCase;
				PRODUCT_NAME = "$(TARGET_NAME)";
				SWIFT_VERSION = 4.0;
				TARGETED_DEVICE_FAMILY = "1,2";
			};
			name = Debug;
		};
		C90E5202202FC50C008E8613 /* Release */ = {
			isa = XCBuildConfiguration;
			buildSettings = {
				ASSETCATALOG_COMPILER_APPICON_NAME = AppIcon;
				CODE_SIGN_STYLE = Automatic;
				DEVELOPMENT_TEAM = 6C7VKJUF27;
				FRAMEWORK_SEARCH_PATHS = (
					"$(inherited)",
					"$(PROJECT_DIR)/Carthage/Build/iOS",
				);
				INFOPLIST_FILE = SpaceCase/Info.plist;
				LD_RUNPATH_SEARCH_PATHS = "$(inherited) @executable_path/Frameworks";
				PRODUCT_BUNDLE_IDENTIFIER = org.casey.SpaceCase;
				PRODUCT_NAME = "$(TARGET_NAME)";
				SWIFT_VERSION = 4.0;
				TARGETED_DEVICE_FAMILY = "1,2";
			};
			name = Release;
		};
		C90E5204202FC50C008E8613 /* Debug */ = {
			isa = XCBuildConfiguration;
			buildSettings = {
				ALWAYS_EMBED_SWIFT_STANDARD_LIBRARIES = YES;
				BUNDLE_LOADER = "$(TEST_HOST)";
				CODE_SIGN_STYLE = Automatic;
				DEVELOPMENT_TEAM = 6C7VKJUF27;
				INFOPLIST_FILE = SpaceCaseTests/Info.plist;
				LD_RUNPATH_SEARCH_PATHS = "$(inherited) @executable_path/Frameworks @loader_path/Frameworks";
				PRODUCT_BUNDLE_IDENTIFIER = org.casey.SpaceCaseTests;
				PRODUCT_NAME = "$(TARGET_NAME)";
				SWIFT_VERSION = 4.0;
				TARGETED_DEVICE_FAMILY = "1,2";
				TEST_HOST = "$(BUILT_PRODUCTS_DIR)/SpaceCase.app/SpaceCase";
			};
			name = Debug;
		};
		C90E5205202FC50C008E8613 /* Release */ = {
			isa = XCBuildConfiguration;
			buildSettings = {
				ALWAYS_EMBED_SWIFT_STANDARD_LIBRARIES = YES;
				BUNDLE_LOADER = "$(TEST_HOST)";
				CODE_SIGN_STYLE = Automatic;
				DEVELOPMENT_TEAM = 6C7VKJUF27;
				INFOPLIST_FILE = SpaceCaseTests/Info.plist;
				LD_RUNPATH_SEARCH_PATHS = "$(inherited) @executable_path/Frameworks @loader_path/Frameworks";
				PRODUCT_BUNDLE_IDENTIFIER = org.casey.SpaceCaseTests;
				PRODUCT_NAME = "$(TARGET_NAME)";
				SWIFT_VERSION = 4.0;
				TARGETED_DEVICE_FAMILY = "1,2";
				TEST_HOST = "$(BUILT_PRODUCTS_DIR)/SpaceCase.app/SpaceCase";
			};
			name = Release;
		};
/* End XCBuildConfiguration section */

/* Begin XCConfigurationList section */
		C90E51DE202FC50C008E8613 /* Build configuration list for PBXProject "SpaceCase" */ = {
			isa = XCConfigurationList;
			buildConfigurations = (
				C90E51FE202FC50C008E8613 /* Debug */,
				C90E51FF202FC50C008E8613 /* Release */,
			);
			defaultConfigurationIsVisible = 0;
			defaultConfigurationName = Release;
		};
		C90E5200202FC50C008E8613 /* Build configuration list for PBXNativeTarget "SpaceCase" */ = {
			isa = XCConfigurationList;
			buildConfigurations = (
				C90E5201202FC50C008E8613 /* Debug */,
				C90E5202202FC50C008E8613 /* Release */,
			);
			defaultConfigurationIsVisible = 0;
			defaultConfigurationName = Release;
		};
		C90E5203202FC50C008E8613 /* Build configuration list for PBXNativeTarget "SpaceCaseTests" */ = {
			isa = XCConfigurationList;
			buildConfigurations = (
				C90E5204202FC50C008E8613 /* Debug */,
				C90E5205202FC50C008E8613 /* Release */,
			);
			defaultConfigurationIsVisible = 0;
			defaultConfigurationName = Release;
		};
/* End XCConfigurationList section */
	};
	rootObject = C90E51DB202FC50C008E8613 /* Project object */;
}
